{
    "_readme": [
        "This file locks the dependencies of your project to a known state",
        "Read more about it at https://getcomposer.org/doc/01-basic-usage.md#installing-dependencies",
        "This file is @generated automatically"
    ],
    "content-hash": "9534286aeb419b9a6166f1bd947d571a",
    "packages": [
        {
            "name": "composer/installers",
            "version": "v1.6.0",
            "source": {
                "type": "git",
                "url": "https://github.com/composer/installers.git",
                "reference": "cfcca6b1b60bc4974324efb5783c13dca6932b5b"
            },
            "dist": {
                "type": "zip",
                "url": "https://api.github.com/repos/composer/installers/zipball/cfcca6b1b60bc4974324efb5783c13dca6932b5b",
                "reference": "cfcca6b1b60bc4974324efb5783c13dca6932b5b",
                "shasum": ""
            },
            "require": {
                "composer-plugin-api": "^1.0"
            },
            "replace": {
                "roundcube/plugin-installer": "*",
                "shama/baton": "*"
            },
            "require-dev": {
                "composer/composer": "1.0.*@dev",
                "phpunit/phpunit": "^4.8.36"
            },
            "type": "composer-plugin",
            "extra": {
                "class": "Composer\\Installers\\Plugin",
                "branch-alias": {
                    "dev-master": "1.0-dev"
                }
            },
            "autoload": {
                "psr-4": {
                    "Composer\\Installers\\": "src/Composer/Installers"
                }
            },
            "notification-url": "https://packagist.org/downloads/",
            "license": [
                "MIT"
            ],
            "authors": [
                {
                    "name": "Kyle Robinson Young",
                    "email": "kyle@dontkry.com",
                    "homepage": "https://github.com/shama"
                }
            ],
            "description": "A multi-framework Composer library installer",
            "homepage": "https://composer.github.io/installers/",
            "keywords": [
                "Craft",
                "Dolibarr",
                "Eliasis",
                "Hurad",
                "ImageCMS",
                "Kanboard",
                "Lan Management System",
                "MODX Evo",
                "Mautic",
                "Maya",
                "OXID",
                "Plentymarkets",
                "Porto",
                "RadPHP",
                "SMF",
                "Thelia",
                "WolfCMS",
                "agl",
                "aimeos",
                "annotatecms",
                "attogram",
                "bitrix",
                "cakephp",
                "chef",
                "cockpit",
                "codeigniter",
                "concrete5",
                "croogo",
                "dokuwiki",
                "drupal",
                "eZ Platform",
                "elgg",
                "expressionengine",
                "fuelphp",
                "grav",
                "installer",
                "itop",
                "joomla",
                "kohana",
                "laravel",
                "lavalite",
                "lithium",
                "magento",
                "majima",
                "mako",
                "mediawiki",
                "modulework",
                "modx",
                "moodle",
                "osclass",
                "phpbb",
                "piwik",
                "ppi",
                "puppet",
                "pxcms",
                "reindex",
                "roundcube",
                "shopware",
                "silverstripe",
                "sydes",
                "symfony",
                "typo3",
                "wordpress",
                "yawik",
                "zend",
                "zikula"
            ],
            "time": "2018-08-27T06:10:37+00:00"
        },
        {
            "name": "deliciousbrains-plugin/wp-migrate-db-pro",
            "version": "1.9.6",
            "dist": {
                "type": "zip",
                "url": "https://composer.deliciousbrains.com/?wc-api=delicious-brains&request=composer_download&package=wp-migrate-db-pro&version=1.9.6"
            },
            "require": {
                "composer/installers": "~1.0"
            },
            "type": "wordpress-plugin"
        },
        {
            "name": "deliciousbrains-plugin/wp-migrate-db-pro-media-files",
            "version": "1.4.14",
            "dist": {
                "type": "zip",
                "url": "https://composer.deliciousbrains.com/?wc-api=delicious-brains&request=composer_download&package=wp-migrate-db-pro-media-files&version=1.4.14"
            },
            "require": {
                "composer/installers": "~1.0"
            },
            "type": "wordpress-plugin"
        },
        {
            "name": "deliciousbrains-plugin/wp-offload-media",
            "version": "2.1.1",
            "dist": {
                "type": "zip",
                "url": "https://composer.deliciousbrains.com/?wc-api=delicious-brains&request=composer_download&package=wp-offload-media&version=2.1.1"
            },
            "require": {
                "composer/installers": "~1.0"
            },
            "type": "wordpress-plugin",
            "extra": {
                "installer-name": "amazon-s3-and-cloudfront-pro"
            }
        },
        {
            "name": "deliciousbrains-plugin/wp-offload-media-assets-pull",
            "version": "1.1.1",
            "dist": {
                "type": "zip",
                "url": "https://composer.deliciousbrains.com/?wc-api=delicious-brains&request=composer_download&package=wp-offload-media-assets-pull&version=1.1.1"
            },
            "require": {
                "composer/installers": "~1.0"
            },
            "type": "wordpress-plugin",
            "extra": {
                "installer-name": "amazon-s3-and-cloudfront-assets-pull"
            }
        },
        {
            "name": "wpackagist-plugin/wp-native-php-sessions",
            "version": "0.7.0",
            "source": {
                "type": "svn",
                "url": "https://plugins.svn.wordpress.org/wp-native-php-sessions/",
                "reference": "tags/0.7.0"
            },
            "dist": {
                "type": "zip",
                "url": "https://downloads.wordpress.org/plugin/wp-native-php-sessions.0.7.0.zip"
            },
            "require": {
                "composer/installers": "~1.0"
            },
            "type": "wordpress-plugin",
            "homepage": "https://wordpress.org/plugins/wp-native-php-sessions/"
        }
    ],
    "packages-dev": [],
    "aliases": [],
    "minimum-stability": "stable",
    "stability-flags": [],
    "prefer-stable": false,
    "prefer-lowest": false,
    "platform": [],
    "platform-dev": []
}
